{
  "object": {
    "pins": [
      {
        "package": "Cryptor",
        "repositoryURL": "https://github.com/Kitura/BlueCryptor.git",
        "state": {
          "branch": null,
          "revision": "ee5880e031da4c609f372cf7472476ab51d5dd19",
          "version": "1.0.200"
        }
      },
      {
        "package": "CryptorECC",
        "repositoryURL": "https://github.com/Kitura/BlueECC.git",
        "state": {
          "branch": null,
          "revision": "baf6ed3fc1a622675f0041b4aff7c02dd1a93818",
          "version": "1.2.200"
        }
      },
      {
        "package": "CryptorRSA",
        "repositoryURL": "https://github.com/Kitura/BlueRSA.git",
        "state": {
          "branch": null,
          "revision": "c885fcdbe1b04718cb46d747387137653c030f6c",
          "version": "1.0.200"
        }
      },
      {
        "package": "jwt-kit",
        "repositoryURL": "https://github.com/vapor/jwt-kit.git",
        "state": {
          "branch": null,
          "revision": "b50b30b567726b14ac282aa6d3a42a52c1ebc8c0",
          "version": "4.2.2"
        }
      },
      {
        "package": "KituraContracts",
        "repositoryURL": "https://github.com/Kitura/KituraContracts.git",
        "state": {
          "branch": null,
          "revision": "8418006e39e2efae9b31ae92721cb597ac29c617",
          "version": "1.2.200"
        }
      },
      {
        "package": "LoggerAPI",
        "repositoryURL": "https://github.com/Kitura/LoggerAPI.git",
        "state": {
          "branch": null,
          "revision": "e82d34eab3f0b05391082b11ea07d3b70d2f65bb",
          "version": "1.9.200"
        }
      },
      {
        "package": "swift-argument-parser",
        "repositoryURL": "https://github.com/apple/swift-argument-parser",
        "state": {
          "branch": null,
          "revision": "9564d61b08a5335ae0a36f789a7d71493eacadfc",
          "version": "0.3.2"
        }
      },
      {
        "package": "swift-crypto",
        "repositoryURL": "https://github.com/apple/swift-crypto.git",
        "state": {
          "branch": null,
          "revision": "296d3308b4b2fa355cfe0de4ca411bf7a1cd8cf8",
          "version": "1.1.4"
        }
      },
      {
        "package": "SwiftJWT",
        "repositoryURL": "https://github.com/IBM-Swift/Swift-JWT.git",
        "state": {
          "branch": null,
          "revision": "2f2fc12ae88660e0760b04d9e6c341517b31ad7b",
          "version": "3.6.200"
        }
      },
      {
        "package": "swift-log",
        "repositoryURL": "https://github.com/apple/swift-log.git",
        "state": {
          "branch": null,
          "revision": "12d3a8651d32295794a850307f77407f95b8c881",
          "version": "1.4.1"
        }
      }
    ]
  },
  "version": 1
}
